
Microsoft Visual Studio Solution File, Format Version 12.00
# Visual Studio Version 16
VisualStudioVersion = 16.0.31019.35
MinimumVisualStudioVersion = 10.0.40219.1
Project("{FAE04EC0-301F-11D3-BF4B-00C04F79EFBC}") = "RestaurantsBackend", "RestaurantsBackend\RestaurantsBackend.csproj", "{AB83B1EC-112D-4386-BD88-E558FC201DFF}"
EndProject
Project("{FAE04EC0-301F-11D3-BF4B-00C04F79EFBC}") = "RestaurantsBackend.DataAccessLayer", "RestaurantsBackend.DataAccessLayer\RestaurantsBackend.DataAccessLayer.csproj", "{E8407BF6-5D07-40EA-8D14-A417089CF105}"
EndProject
Project("{FAE04EC0-301F-11D3-BF4B-00C04F79EFBC}") = "RestaurantsBackend.BusinessLayer", "RestaurantsBackend.BusinessLayer\RestaurantsBackend.BusinessLayer.csproj", "{2300C9C6-D0AE-4A0C-A45D-B6095B19C566}"
EndProject
Global
	GlobalSection(SolutionConfigurationPlatforms) = preSolution
		Debug|Any CPU = Debug|Any CPU
		Release|Any CPU = Release|Any CPU
	EndGlobalSection
	GlobalSection(ProjectConfigurationPlatforms) = postSolution
		{AB83B1EC-112D-4386-BD88-E558FC201DFF}.Debug|Any CPU.ActiveCfg = Debug|Any CPU
		{AB83B1EC-112D-4386-BD88-E558FC201DFF}.Debug|Any CPU.Build.0 = Debug|Any CPU
		{AB83B1EC-112D-4386-BD88-E558FC201DFF}.Release|Any CPU.ActiveCfg = Release|Any CPU
		{AB83B1EC-112D-4386-BD88-E558FC201DFF}.Release|Any CPU.Build.0 = Release|Any CPU
		{E8407BF6-5D07-40EA-8D14-A417089CF105}.Debug|Any CPU.ActiveCfg = Debug|Any CPU
		{E8407BF6-5D07-40EA-8D14-A417089CF105}.Debug|Any CPU.Build.0 = Debug|Any CPU
		{E8407BF6-5D07-40EA-8D14-A417089CF105}.Release|Any CPU.ActiveCfg = Release|Any CPU
		{E8407BF6-5D07-40EA-8D14-A417089CF105}.Release|Any CPU.Build.0 = Release|Any CPU
		{2300C9C6-D0AE-4A0C-A45D-B6095B19C566}.Debug|Any CPU.ActiveCfg = Debug|Any CPU
		{2300C9C6-D0AE-4A0C-A45D-B6095B19C566}.Debug|Any CPU.Build.0 = Debug|Any CPU
		{2300C9C6-D0AE-4A0C-A45D-B6095B19C566}.Release|Any CPU.ActiveCfg = Release|Any CPU
		{2300C9C6-D0AE-4A0C-A45D-B6095B19C566}.Release|Any CPU.Build.0 = Release|Any CPU
	EndGlobalSection
	GlobalSection(SolutionProperties) = preSolution
		HideSolutionNode = FALSE
	EndGlobalSection
	GlobalSection(ExtensibilityGlobals) = postSolution
		SolutionGuid = {BFC60D50-50D0-426F-86D1-B69369F4EF31}
	EndGlobalSection
EndGlobal
